
Microsoft Visual Studio Solution File, Format Version 12.00
# Visual Studio Version 17
VisualStudioVersion = 17.4.33205.214
MinimumVisualStudioVersion = 10.0.40219.1
Project("{FAE04EC0-301F-11D3-BF4B-00C04F79EFBC}") = "P52023_EstebanJ", "P52023_EstebanJ\P52023_EstebanJ.csproj", "{AC0BD017-1A28-4C8B-9508-691E67D24778}"
	ProjectSection(ProjectDependencies) = postProject
		{51D6D16A-F75D-4BC0-923E-46DB2DD9FA28} = {51D6D16A-F75D-4BC0-923E-46DB2DD9FA28}
	EndProjectSection
EndProject
Project("{FAE04EC0-301F-11D3-BF4B-00C04F79EFBC}") = "Logica", "Logica\Logica.csproj", "{51D6D16A-F75D-4BC0-923E-46DB2DD9FA28}"
EndProject
Global
	GlobalSection(SolutionConfigurationPlatforms) = preSolution
		Debug|Any CPU = Debug|Any CPU
		Release|Any CPU = Release|Any CPU
	EndGlobalSection
	GlobalSection(ProjectConfigurationPlatforms) = postSolution
		{AC0BD017-1A28-4C8B-9508-691E67D24778}.Debug|Any CPU.ActiveCfg = Debug|Any CPU
		{AC0BD017-1A28-4C8B-9508-691E67D24778}.Debug|Any CPU.Build.0 = Debug|Any CPU
		{AC0BD017-1A28-4C8B-9508-691E67D24778}.Release|Any CPU.ActiveCfg = Release|Any CPU
		{AC0BD017-1A28-4C8B-9508-691E67D24778}.Release|Any CPU.Build.0 = Release|Any CPU
		{51D6D16A-F75D-4BC0-923E-46DB2DD9FA28}.Debug|Any CPU.ActiveCfg = Debug|Any CPU
		{51D6D16A-F75D-4BC0-923E-46DB2DD9FA28}.Debug|Any CPU.Build.0 = Debug|Any CPU
		{51D6D16A-F75D-4BC0-923E-46DB2DD9FA28}.Release|Any CPU.ActiveCfg = Release|Any CPU
		{51D6D16A-F75D-4BC0-923E-46DB2DD9FA28}.Release|Any CPU.Build.0 = Release|Any CPU
	EndGlobalSection
	GlobalSection(SolutionProperties) = preSolution
		HideSolutionNode = FALSE
	EndGlobalSection
	GlobalSection(ExtensibilityGlobals) = postSolution
		SolutionGuid = {D2F8B4DF-6D6E-4E4D-9BA8-B23042CE089D}
	EndGlobalSection
EndGlobal
